// !$*UTF8*$!
{
	archiveVersion = 1;
	classes = {
	};
	objectVersion = 56;
	objects = {

/* Begin PBXBuildFile section */
		A5ED7BAD29A29E7B0026A13E /* AppDelegate.swift in Sources */ = {isa = PBXBuildFile; fileRef = A5ED7BAC29A29E7B0026A13E /* AppDelegate.swift */; };
		A5ED7BB129A29E7B0026A13E /* ViewController.swift in Sources */ = {isa = PBXBuildFile; fileRef = A5ED7BB029A29E7B0026A13E /* ViewController.swift */; };
		A5ED7BB429A29E7B0026A13E /* Main.storyboard in Resources */ = {isa = PBXBuildFile; fileRef = A5ED7BB229A29E7B0026A13E /* Main.storyboard */; };
		A5ED7BB629A29E7D0026A13E /* Assets.xcassets in Resources */ = {isa = PBXBuildFile; fileRef = A5ED7BB529A29E7D0026A13E /* Assets.xcassets */; };
		A5ED7BB929A29E7D0026A13E /* LaunchScreen.storyboard in Resources */ = {isa = PBXBuildFile; fileRef = A5ED7BB729A29E7D0026A13E /* LaunchScreen.storyboard */; };
		A5ED7BC729A2B14C0026A13E /* iTunesArtwork@2x.png in Resources */ = {isa = PBXBuildFile; fileRef = A5ED7BC429A2B14C0026A13E /* iTunesArtwork@2x.png */; };
		A5ED7BC829A2B14C0026A13E /* iTunesArtwork@3x.png in Resources */ = {isa = PBXBuildFile; fileRef = A5ED7BC529A2B14C0026A13E /* iTunesArtwork@3x.png */; };
		A5ED7BC929A2B14C0026A13E /* iTunesArtwork@1x.png in Resources */ = {isa = PBXBuildFile; fileRef = A5ED7BC629A2B14C0026A13E /* iTunesArtwork@1x.png */; };
		A5ED7BCE29A2B22F0026A13E /* Weather@1x.png in Resources */ = {isa = PBXBuildFile; fileRef = A5ED7BCB29A2B22E0026A13E /* Weather@1x.png */; };
		A5ED7BCF29A2B22F0026A13E /* Weather@3x.png in Resources */ = {isa = PBXBuildFile; fileRef = A5ED7BCC29A2B22E0026A13E /* Weather@3x.png */; };
		A5ED7BD029A2B22F0026A13E /* Weather@2x.png in Resources */ = {isa = PBXBuildFile; fileRef = A5ED7BCD29A2B22F0026A13E /* Weather@2x.png */; };
/* End PBXBuildFile section */

/* Begin PBXFileReference section */
		A5ED7BA929A29E7B0026A13E /* test Configurable App Icon.app */ = {isa = PBXFileReference; explicitFileType = wrapper.application; includeInIndex = 0; path = "test Configurable App Icon.app"; sourceTree = BUILT_PRODUCTS_DIR; };
		A5ED7BAC29A29E7B0026A13E /* AppDelegate.swift */ = {isa = PBXFileReference; lastKnownFileType = sourcecode.swift; path = AppDelegate.swift; sourceTree = "<group>"; };
		A5ED7BB029A29E7B0026A13E /* ViewController.swift */ = {isa = PBXFileReference; lastKnownFileType = sourcecode.swift; path = ViewController.swift; sourceTree = "<group>"; };
		A5ED7BB329A29E7B0026A13E /* Base */ = {isa = PBXFileReference; lastKnownFileType = file.storyboard; name = Base; path = Base.lproj/Main.storyboard; sourceTree = "<group>"; };
		A5ED7BB529A29E7D0026A13E /* Assets.xcassets */ = {isa = PBXFileReference; lastKnownFileType = folder.assetcatalog; path = Assets.xcassets; sourceTree = "<group>"; };
		A5ED7BB829A29E7D0026A13E /* Base */ = {isa = PBXFileReference; lastKnownFileType = file.storyboard; name = Base; path = Base.lproj/LaunchScreen.storyboard; sourceTree = "<group>"; };
		A5ED7BBA29A29E7D0026A13E /* Info.plist */ = {isa = PBXFileReference; lastKnownFileType = text.plist.xml; path = Info.plist; sourceTree = "<group>"; };
		A5ED7BC429A2B14C0026A13E /* iTunesArtwork@2x.png */ = {isa = PBXFileReference; lastKnownFileType = image.png; path = "iTunesArtwork@2x.png"; sourceTree = "<group>"; };
		A5ED7BC529A2B14C0026A13E /* iTunesArtwork@3x.png */ = {isa = PBXFileReference; lastKnownFileType = image.png; path = "iTunesArtwork@3x.png"; sourceTree = "<group>"; };
		A5ED7BC629A2B14C0026A13E /* iTunesArtwork@1x.png */ = {isa = PBXFileReference; lastKnownFileType = image.png; path = "iTunesArtwork@1x.png"; sourceTree = "<group>"; };
		A5ED7BCB29A2B22E0026A13E /* Weather@1x.png */ = {isa = PBXFileReference; lastKnownFileType = image.png; path = "Weather@1x.png"; sourceTree = "<group>"; };
		A5ED7BCC29A2B22E0026A13E /* Weather@3x.png */ = {isa = PBXFileReference; lastKnownFileType = image.png; path = "Weather@3x.png"; sourceTree = "<group>"; };
		A5ED7BCD29A2B22F0026A13E /* Weather@2x.png */ = {isa = PBXFileReference; lastKnownFileType = image.png; path = "Weather@2x.png"; sourceTree = "<group>"; };
/* End PBXFileReference section */

/* Begin PBXFrameworksBuildPhase section */
		A5ED7BA629A29E7B0026A13E /* Frameworks */ = {
			isa = PBXFrameworksBuildPhase;
			buildActionMask = 2147483647;
			files = (
			);
			runOnlyForDeploymentPostprocessing = 0;
		};
/* End PBXFrameworksBuildPhase section */

/* Begin PBXGroup section */
		A5ED7BA029A29E7B0026A13E = {
			isa = PBXGroup;
			children = (
				A5ED7BAB29A29E7B0026A13E /* test Configurable App Icon */,
				A5ED7BAA29A29E7B0026A13E /* Products */,
			);
			sourceTree = "<group>";
		};
		A5ED7BAA29A29E7B0026A13E /* Products */ = {
			isa = PBXGroup;
			children = (
				A5ED7BA929A29E7B0026A13E /* test Configurable App Icon.app */,
			);
			name = Products;
			sourceTree = "<group>";
		};
		A5ED7BAB29A29E7B0026A13E /* test Configurable App Icon */ = {
			isa = PBXGroup;
			children = (
				A5ED7BC029A2A6AB0026A13E /* Icons */,
				A5ED7BAC29A29E7B0026A13E /* AppDelegate.swift */,
				A5ED7BB029A29E7B0026A13E /* ViewController.swift */,
				A5ED7BB229A29E7B0026A13E /* Main.storyboard */,
				A5ED7BB529A29E7D0026A13E /* Assets.xcassets */,
				A5ED7BB729A29E7D0026A13E /* LaunchScreen.storyboard */,
				A5ED7BBA29A29E7D0026A13E /* Info.plist */,
			);
			path = "test Configurable App Icon";
			sourceTree = "<group>";
		};
		A5ED7BC029A2A6AB0026A13E /* Icons */ = {
			isa = PBXGroup;
			children = (
				A5ED7BCA29A2B1CC0026A13E /* weatherIcon */,
				A5ED7BC129A2A6B70026A13E /* BlocksIcon */,
			);
			path = Icons;
			sourceTree = "<group>";
		};
		A5ED7BC129A2A6B70026A13E /* BlocksIcon */ = {
			isa = PBXGroup;
			children = (
				A5ED7BC629A2B14C0026A13E /* iTunesArtwork@1x.png */,
				A5ED7BC429A2B14C0026A13E /* iTunesArtwork@2x.png */,
				A5ED7BC529A2B14C0026A13E /* iTunesArtwork@3x.png */,
			);
			path = BlocksIcon;
			sourceTree = "<group>";
		};
		A5ED7BCA29A2B1CC0026A13E /* weatherIcon */ = {
			isa = PBXGroup;
			children = (
				A5ED7BCB29A2B22E0026A13E /* Weather@1x.png */,
				A5ED7BCD29A2B22F0026A13E /* Weather@2x.png */,
				A5ED7BCC29A2B22E0026A13E /* Weather@3x.png */,
			);
			path = weatherIcon;
			sourceTree = "<group>";
		};
/* End PBXGroup section */

/* Begin PBXNativeTarget section */
		A5ED7BA829A29E7B0026A13E /* test Configurable App Icon */ = {
			isa = PBXNativeTarget;
			buildConfigurationList = A5ED7BBD29A29E7D0026A13E /* Build configuration list for PBXNativeTarget "test Configurable App Icon" */;
			buildPhases = (
				A5ED7BA529A29E7B0026A13E /* Sources */,
				A5ED7BA629A29E7B0026A13E /* Frameworks */,
				A5ED7BA729A29E7B0026A13E /* Resources */,
			);
			buildRules = (
			);
			dependencies = (
			);
			name = "test Configurable App Icon";
			productName = "test Configurable App Icon";
			productReference = A5ED7BA929A29E7B0026A13E /* test Configurable App Icon.app */;
			productType = "com.apple.product-type.application";
		};
/* End PBXNativeTarget section */

/* Begin PBXProject section */
		A5ED7BA129A29E7B0026A13E /* Project object */ = {
			isa = PBXProject;
			attributes = {
				BuildIndependentTargetsInParallel = 1;
				LastSwiftUpdateCheck = 1420;
				LastUpgradeCheck = 1420;
				TargetAttributes = {
					A5ED7BA829A29E7B0026A13E = {
						CreatedOnToolsVersion = 14.2;
					};
				};
			};
			buildConfigurationList = A5ED7BA429A29E7B0026A13E /* Build configuration list for PBXProject "test Configurable App Icon" */;
			compatibilityVersion = "Xcode 14.0";
			developmentRegion = en;
			hasScannedForEncodings = 0;
			knownRegions = (
				en,
				Base,
			);
			mainGroup = A5ED7BA029A29E7B0026A13E;
			productRefGroup = A5ED7BAA29A29E7B0026A13E /* Products */;
			projectDirPath = "";
			projectRoot = "";
			targets = (
				A5ED7BA829A29E7B0026A13E /* test Configurable App Icon */,
			);
		};
/* End PBXProject section */

/* Begin PBXResourcesBuildPhase section */
		A5ED7BA729A29E7B0026A13E /* Resources */ = {
			isa = PBXResourcesBuildPhase;
			buildActionMask = 2147483647;
			files = (
				A5ED7BB929A29E7D0026A13E /* LaunchScreen.storyboard in Resources */,
				A5ED7BC829A2B14C0026A13E /* iTunesArtwork@3x.png in Resources */,
				A5ED7BB629A29E7D0026A13E /* Assets.xcassets in Resources */,
				A5ED7BB429A29E7B0026A13E /* Main.storyboard in Resources */,
				A5ED7BCF29A2B22F0026A13E /* Weather@3x.png in Resources */,
				A5ED7BD029A2B22F0026A13E /* Weather@2x.png in Resources */,
				A5ED7BC929A2B14C0026A13E /* iTunesArtwork@1x.png in Resources */,
				A5ED7BCE29A2B22F0026A13E /* Weather@1x.png in Resources */,
				A5ED7BC729A2B14C0026A13E /* iTunesArtwork@2x.png in Resources */,
			);
			runOnlyForDeploymentPostprocessing = 0;
		};
/* End PBXResourcesBuildPhase section */

/* Begin PBXSourcesBuildPhase section */
		A5ED7BA529A29E7B0026A13E /* Sources */ = {
			isa = PBXSourcesBuildPhase;
			buildActionMask = 2147483647;
			files = (
				A5ED7BB129A29E7B0026A13E /* ViewController.swift in Sources */,
				A5ED7BAD29A29E7B0026A13E /* AppDelegate.swift in Sources */,
			);
			runOnlyForDeploymentPostprocessing = 0;
		};
/* End PBXSourcesBuildPhase section */

/* Begin PBXVariantGroup section */
		A5ED7BB229A29E7B0026A13E /* Main.storyboard */ = {
			isa = PBXVariantGroup;
			children = (
				A5ED7BB329A29E7B0026A13E /* Base */,
			);
			name = Main.storyboard;
			sourceTree = "<group>";
		};
		A5ED7BB729A29E7D0026A13E /* LaunchScreen.storyboard */ = {
			isa = PBXVariantGroup;
			children = (
				A5ED7BB829A29E7D0026A13E /* Base */,
			);
			name = LaunchScreen.storyboard;
			sourceTree = "<group>";
		};
/* End PBXVariantGroup section */

/* Begin XCBuildConfiguration section */
		A5ED7BBB29A29E7D0026A13E /* Debug */ = {
			isa = XCBuildConfiguration;
			buildSettings = {
				ALWAYS_SEARCH_USER_PATHS = NO;
				CLANG_ANALYZER_NONNULL = YES;
				CLANG_ANALYZER_NUMBER_OBJECT_CONVERSION = YES_AGGRESSIVE;
				CLANG_CXX_LANGUAGE_STANDARD = "gnu++20";
				CLANG_ENABLE_MODULES = YES;
				CLANG_ENABLE_OBJC_ARC = YES;
				CLANG_ENABLE_OBJC_WEAK = YES;
				CLANG_WARN_BLOCK_CAPTURE_AUTORELEASING = YES;
				CLANG_WARN_BOOL_CONVERSION = YES;
				CLANG_WARN_COMMA = YES;
				CLANG_WARN_CONSTANT_CONVERSION = YES;
				CLANG_WARN_DEPRECATED_OBJC_IMPLEMENTATIONS = YES;
				CLANG_WARN_DIRECT_OBJC_ISA_USAGE = YES_ERROR;
				CLANG_WARN_DOCUMENTATION_COMMENTS = YES;
				CLANG_WARN_EMPTY_BODY = YES;
				CLANG_WARN_ENUM_CONVERSION = YES;
				CLANG_WARN_INFINITE_RECURSION = YES;
				CLANG_WARN_INT_CONVERSION = YES;
				CLANG_WARN_NON_LITERAL_NULL_CONVERSION = YES;
				CLANG_WARN_OBJC_IMPLICIT_RETAIN_SELF = YES;
				CLANG_WARN_OBJC_LITERAL_CONVERSION = YES;
				CLANG_WARN_OBJC_ROOT_CLASS = YES_ERROR;
				CLANG_WARN_QUOTED_INCLUDE_IN_FRAMEWORK_HEADER = YES;
				CLANG_WARN_RANGE_LOOP_ANALYSIS = YES;
				CLANG_WARN_STRICT_PROTOTYPES = YES;
				CLANG_WARN_SUSPICIOUS_MOVE = YES;
				CLANG_WARN_UNGUARDED_AVAILABILITY = YES_AGGRESSIVE;
				CLANG_WARN_UNREACHABLE_CODE = YES;
				CLANG_WARN__DUPLICATE_METHOD_MATCH = YES;
				COPY_PHASE_STRIP = NO;
				DEBUG_INFORMATION_FORMAT = dwarf;
				ENABLE_STRICT_OBJC_MSGSEND = YES;
				ENABLE_TESTABILITY = YES;
				GCC_C_LANGUAGE_STANDARD = gnu11;
				GCC_DYNAMIC_NO_PIC = NO;
				GCC_NO_COMMON_BLOCKS = YES;
				GCC_OPTIMIZATION_LEVEL = 0;
				GCC_PREPROCESSOR_DEFINITIONS = (
					"DEBUG=1",
					"$(inherited)",
				);
				GCC_WARN_64_TO_32_BIT_CONVERSION = YES;
				GCC_WARN_ABOUT_RETURN_TYPE = YES_ERROR;
				GCC_WARN_UNDECLARED_SELECTOR = YES;
				GCC_WARN_UNINITIALIZED_AUTOS = YES_AGGRESSIVE;
				GCC_WARN_UNUSED_FUNCTION = YES;
				GCC_WARN_UNUSED_VARIABLE = YES;
				IPHONEOS_DEPLOYMENT_TARGET = 16.2;
				MTL_ENABLE_DEBUG_INFO = INCLUDE_SOURCE;
				MTL_FAST_MATH = YES;
				ONLY_ACTIVE_ARCH = YES;
				SDKROOT = iphoneos;
				SWIFT_ACTIVE_COMPILATION_CONDITIONS = DEBUG;
				SWIFT_OPTIMIZATION_LEVEL = "-Onone";
			};
			name = Debug;
		};
		A5ED7BBC29A29E7D0026A13E /* Release */ = {
			isa = XCBuildConfiguration;
			buildSettings = {
				ALWAYS_SEARCH_USER_PATHS = NO;
				CLANG_ANALYZER_NONNULL = YES;
				CLANG_ANALYZER_NUMBER_OBJECT_CONVERSION = YES_AGGRESSIVE;
				CLANG_CXX_LANGUAGE_STANDARD = "gnu++20";
				CLANG_ENABLE_MODULES = YES;
				CLANG_ENABLE_OBJC_ARC = YES;
				CLANG_ENABLE_OBJC_WEAK = YES;
				CLANG_WARN_BLOCK_CAPTURE_AUTORELEASING = YES;
				CLANG_WARN_BOOL_CONVERSION = YES;
				CLANG_WARN_COMMA = YES;
				CLANG_WARN_CONSTANT_CONVERSION = YES;
				CLANG_WARN_DEPRECATED_OBJC_IMPLEMENTATIONS = YES;
				CLANG_WARN_DIRECT_OBJC_ISA_USAGE = YES_ERROR;
				CLANG_WARN_DOCUMENTATION_COMMENTS = YES;
				CLANG_WARN_EMPTY_BODY = YES;
				CLANG_WARN_ENUM_CONVERSION = YES;
				CLANG_WARN_INFINITE_RECURSION = YES;
				CLANG_WARN_INT_CONVERSION = YES;
				CLANG_WARN_NON_LITERAL_NULL_CONVERSION = YES;
				CLANG_WARN_OBJC_IMPLICIT_RETAIN_SELF = YES;
				CLANG_WARN_OBJC_LITERAL_CONVERSION = YES;
				CLANG_WARN_OBJC_ROOT_CLASS = YES_ERROR;
				CLANG_WARN_QUOTED_INCLUDE_IN_FRAMEWORK_HEADER = YES;
				CLANG_WARN_RANGE_LOOP_ANALYSIS = YES;
				CLANG_WARN_STRICT_PROTOTYPES = YES;
				CLANG_WARN_SUSPICIOUS_MOVE = YES;
				CLANG_WARN_UNGUARDED_AVAILABILITY = YES_AGGRESSIVE;
				CLANG_WARN_UNREACHABLE_CODE = YES;
				CLANG_WARN__DUPLICATE_METHOD_MATCH = YES;
				COPY_PHASE_STRIP = NO;
				DEBUG_INFORMATION_FORMAT = "dwarf-with-dsym";
				ENABLE_NS_ASSERTIONS = NO;
				ENABLE_STRICT_OBJC_MSGSEND = YES;
				GCC_C_LANGUAGE_STANDARD = gnu11;
				GCC_NO_COMMON_BLOCKS = YES;
				GCC_WARN_64_TO_32_BIT_CONVERSION = YES;
				GCC_WARN_ABOUT_RETURN_TYPE = YES_ERROR;
				GCC_WARN_UNDECLARED_SELECTOR = YES;
				GCC_WARN_UNINITIALIZED_AUTOS = YES_AGGRESSIVE;
				GCC_WARN_UNUSED_FUNCTION = YES;
				GCC_WARN_UNUSED_VARIABLE = YES;
				IPHONEOS_DEPLOYMENT_TARGET = 16.2;
				MTL_ENABLE_DEBUG_INFO = NO;
				MTL_FAST_MATH = YES;
				SDKROOT = iphoneos;
				SWIFT_COMPILATION_MODE = wholemodule;
				SWIFT_OPTIMIZATION_LEVEL = "-O";
				VALIDATE_PRODUCT = YES;
			};
			name = Release;
		};
		A5ED7BBE29A29E7D0026A13E /* Debug */ = {
			isa = XCBuildConfiguration;
			buildSettings = {
				ASSETCATALOG_COMPILER_APPICON_NAME = AppIcon;
				ASSETCATALOG_COMPILER_GLOBAL_ACCENT_COLOR_NAME = AccentColor;
				CODE_SIGN_STYLE = Automatic;
				CURRENT_PROJECT_VERSION = 1;
				GENERATE_INFOPLIST_FILE = YES;
				INFOPLIST_FILE = "test Configurable App Icon/Info.plist";
				INFOPLIST_KEY_UIApplicationSupportsIndirectInputEvents = YES;
				INFOPLIST_KEY_UILaunchStoryboardName = LaunchScreen.storyboard;
				INFOPLIST_KEY_UIMainStoryboardFile = Main;
				INFOPLIST_KEY_UISupportedInterfaceOrientations = UIInterfaceOrientationPortrait;
				INFOPLIST_KEY_UISupportedInterfaceOrientations_iPad = "UIInterfaceOrientationLandscapeLeft UIInterfaceOrientationLandscapeRight UIInterfaceOrientationPortrait UIInterfaceOrientationPortraitUpsideDown";
				IPHONEOS_DEPLOYMENT_TARGET = 12;
				LD_RUNPATH_SEARCH_PATHS = (
					"$(inherited)",
					"@executable_path/Frameworks",
				);
				MARKETING_VERSION = 1.0;
				PRODUCT_BUNDLE_IDENTIFIER = "com.sary.sary.test-Configurable-App-Icon";
				PRODUCT_NAME = "$(TARGET_NAME)";
				SWIFT_EMIT_LOC_STRINGS = YES;
				SWIFT_VERSION = 5.0;
				TARGETED_DEVICE_FAMILY = "1,2";
			};
			name = Debug;
		};
		A5ED7BBF29A29E7D0026A13E /* Release */ = {
			isa = XCBuildConfiguration;
			buildSettings = {
				ASSETCATALOG_COMPILER_APPICON_NAME = AppIcon;
				ASSETCATALOG_COMPILER_GLOBAL_ACCENT_COLOR_NAME = AccentColor;
				CODE_SIGN_STYLE = Automatic;
				CURRENT_PROJECT_VERSION = 1;
				GENERATE_INFOPLIST_FILE = YES;
				INFOPLIST_FILE = "test Configurable App Icon/Info.plist";
				INFOPLIST_KEY_UIApplicationSupportsIndirectInputEvents = YES;
				INFOPLIST_KEY_UILaunchStoryboardName = LaunchScreen.storyboard;
				INFOPLIST_KEY_UIMainStoryboardFile = Main;
				INFOPLIST_KEY_UISupportedInterfaceOrientations = UIInterfaceOrientationPortrait;
				INFOPLIST_KEY_UISupportedInterfaceOrientations_iPad = "UIInterfaceOrientationLandscapeLeft UIInterfaceOrientationLandscapeRight UIInterfaceOrientationPortrait UIInterfaceOrientationPortraitUpsideDown";
				IPHONEOS_DEPLOYMENT_TARGET = 12;
				LD_RUNPATH_SEARCH_PATHS = (
					"$(inherited)",
					"@executable_path/Frameworks",
				);
				MARKETING_VERSION = 1.0;
				PRODUCT_BUNDLE_IDENTIFIER = "com.sary.sary.test-Configurable-App-Icon";
				PRODUCT_NAME = "$(TARGET_NAME)";
				SWIFT_EMIT_LOC_STRINGS = YES;
				SWIFT_VERSION = 5.0;
				TARGETED_DEVICE_FAMILY = "1,2";
			};
			name = Release;
		};
/* End XCBuildConfiguration section */

/* Begin XCConfigurationList section */
		A5ED7BA429A29E7B0026A13E /* Build configuration list for PBXProject "test Configurable App Icon" */ = {
			isa = XCConfigurationList;
			buildConfigurations = (
				A5ED7BBB29A29E7D0026A13E /* Debug */,
				A5ED7BBC29A29E7D0026A13E /* Release */,
			);
			defaultConfigurationIsVisible = 0;
			defaultConfigurationName = Release;
		};
		A5ED7BBD29A29E7D0026A13E /* Build configuration list for PBXNativeTarget "test Configurable App Icon" */ = {
			isa = XCConfigurationList;
			buildConfigurations = (
				A5ED7BBE29A29E7D0026A13E /* Debug */,
				A5ED7BBF29A29E7D0026A13E /* Release */,
			);
			defaultConfigurationIsVisible = 0;
			defaultConfigurationName = Release;
		};
/* End XCConfigurationList section */
	};
	rootObject = A5ED7BA129A29E7B0026A13E /* Project object */;
}
